
Microsoft Visual Studio Solution File, Format Version 12.00
# Visual Studio Version 16
VisualStudioVersion = 16.0.31729.503
MinimumVisualStudioVersion = 10.0.40219.1
Project("{FAE04EC0-301F-11D3-BF4B-00C04F79EFBC}") = "CodingTest", "CodingTest\CodingTest.csproj", "{7EE68C03-9284-427F-91D4-AA64487213E1}"
EndProject
Project("{FAE04EC0-301F-11D3-BF4B-00C04F79EFBC}") = "UnitTestProject", "UnitTestProject\UnitTestProject.csproj", "{6EAB70E7-2D42-4D4B-A946-2EB94F8B0768}"
EndProject
Global
	GlobalSection(SolutionConfigurationPlatforms) = preSolution
		Debug|Any CPU = Debug|Any CPU
		Release|Any CPU = Release|Any CPU
	EndGlobalSection
	GlobalSection(ProjectConfigurationPlatforms) = postSolution
		{7EE68C03-9284-427F-91D4-AA64487213E1}.Debug|Any CPU.ActiveCfg = Debug|Any CPU
		{7EE68C03-9284-427F-91D4-AA64487213E1}.Debug|Any CPU.Build.0 = Debug|Any CPU
		{7EE68C03-9284-427F-91D4-AA64487213E1}.Release|Any CPU.ActiveCfg = Release|Any CPU
		{7EE68C03-9284-427F-91D4-AA64487213E1}.Release|Any CPU.Build.0 = Release|Any CPU
		{6EAB70E7-2D42-4D4B-A946-2EB94F8B0768}.Debug|Any CPU.ActiveCfg = Debug|Any CPU
		{6EAB70E7-2D42-4D4B-A946-2EB94F8B0768}.Debug|Any CPU.Build.0 = Debug|Any CPU
		{6EAB70E7-2D42-4D4B-A946-2EB94F8B0768}.Release|Any CPU.ActiveCfg = Release|Any CPU
		{6EAB70E7-2D42-4D4B-A946-2EB94F8B0768}.Release|Any CPU.Build.0 = Release|Any CPU
	EndGlobalSection
	GlobalSection(SolutionProperties) = preSolution
		HideSolutionNode = FALSE
	EndGlobalSection
	GlobalSection(ExtensibilityGlobals) = postSolution
		SolutionGuid = {779B3290-EDA4-40C9-A4D7-66B4D152E431}
	EndGlobalSection
EndGlobal
